
Microsoft Visual Studio Solution File, Format Version 12.00
# Visual Studio Version 16
VisualStudioVersion = 16.0.31005.135
MinimumVisualStudioVersion = 10.0.40219.1
Project("{9A19103F-16F7-4668-BE54-9A1E7A4F7556}") = "SpancoAssessment", "SpancoAssessment\SpancoAssessment.csproj", "{1EF5A340-7729-456D-9B8E-CCC2EB3FFB5A}"
EndProject
Project("{FAE04EC0-301F-11D3-BF4B-00C04F79EFBC}") = "Services", "Services\Services.csproj", "{27577E91-4902-4BBA-B513-0F09D80305B6}"
EndProject
Project("{FAE04EC0-301F-11D3-BF4B-00C04F79EFBC}") = "Models", "Models\Models.csproj", "{BF1E6C0C-CA19-45A5-A0B7-13AF73D1623E}"
EndProject
Project("{FAE04EC0-301F-11D3-BF4B-00C04F79EFBC}") = "DataAccess", "DataAccess\DataAccess.csproj", "{B8653EA2-FBE6-4273-A29D-C9B7EAFC62C4}"
EndProject
Global
	GlobalSection(SolutionConfigurationPlatforms) = preSolution
		Debug|Any CPU = Debug|Any CPU
		Release|Any CPU = Release|Any CPU
	EndGlobalSection
	GlobalSection(ProjectConfigurationPlatforms) = postSolution
		{1EF5A340-7729-456D-9B8E-CCC2EB3FFB5A}.Debug|Any CPU.ActiveCfg = Debug|Any CPU
		{1EF5A340-7729-456D-9B8E-CCC2EB3FFB5A}.Debug|Any CPU.Build.0 = Debug|Any CPU
		{1EF5A340-7729-456D-9B8E-CCC2EB3FFB5A}.Release|Any CPU.ActiveCfg = Release|Any CPU
		{1EF5A340-7729-456D-9B8E-CCC2EB3FFB5A}.Release|Any CPU.Build.0 = Release|Any CPU
		{27577E91-4902-4BBA-B513-0F09D80305B6}.Debug|Any CPU.ActiveCfg = Debug|Any CPU
		{27577E91-4902-4BBA-B513-0F09D80305B6}.Debug|Any CPU.Build.0 = Debug|Any CPU
		{27577E91-4902-4BBA-B513-0F09D80305B6}.Release|Any CPU.ActiveCfg = Release|Any CPU
		{27577E91-4902-4BBA-B513-0F09D80305B6}.Release|Any CPU.Build.0 = Release|Any CPU
		{BF1E6C0C-CA19-45A5-A0B7-13AF73D1623E}.Debug|Any CPU.ActiveCfg = Debug|Any CPU
		{BF1E6C0C-CA19-45A5-A0B7-13AF73D1623E}.Debug|Any CPU.Build.0 = Debug|Any CPU
		{BF1E6C0C-CA19-45A5-A0B7-13AF73D1623E}.Release|Any CPU.ActiveCfg = Release|Any CPU
		{BF1E6C0C-CA19-45A5-A0B7-13AF73D1623E}.Release|Any CPU.Build.0 = Release|Any CPU
		{B8653EA2-FBE6-4273-A29D-C9B7EAFC62C4}.Debug|Any CPU.ActiveCfg = Debug|Any CPU
		{B8653EA2-FBE6-4273-A29D-C9B7EAFC62C4}.Debug|Any CPU.Build.0 = Debug|Any CPU
		{B8653EA2-FBE6-4273-A29D-C9B7EAFC62C4}.Release|Any CPU.ActiveCfg = Release|Any CPU
		{B8653EA2-FBE6-4273-A29D-C9B7EAFC62C4}.Release|Any CPU.Build.0 = Release|Any CPU
	EndGlobalSection
	GlobalSection(SolutionProperties) = preSolution
		HideSolutionNode = FALSE
	EndGlobalSection
	GlobalSection(ExtensibilityGlobals) = postSolution
		SolutionGuid = {B3B8D0B6-B5F2-4F9C-BB57-3CD447BFC3A7}
	EndGlobalSection
EndGlobal
